
Microsoft Visual Studio Solution File, Format Version 12.00
# Visual Studio Version 17
VisualStudioVersion = 17.7.34221.43
MinimumVisualStudioVersion = 10.0.40219.1
Project("{FAE04EC0-301F-11D3-BF4B-00C04F79EFBC}") = "PH55029", "PH55029\PH55029.csproj", "{D70DCF39-B351-4DBB-8C7B-7384EE8D0B5D}"
EndProject
Global
	GlobalSection(SolutionConfigurationPlatforms) = preSolution
		Debug|Any CPU = Debug|Any CPU
		Release|Any CPU = Release|Any CPU
	EndGlobalSection
	GlobalSection(ProjectConfigurationPlatforms) = postSolution
		{D70DCF39-B351-4DBB-8C7B-7384EE8D0B5D}.Debug|Any CPU.ActiveCfg = Debug|Any CPU
		{D70DCF39-B351-4DBB-8C7B-7384EE8D0B5D}.Debug|Any CPU.Build.0 = Debug|Any CPU
		{D70DCF39-B351-4DBB-8C7B-7384EE8D0B5D}.Release|Any CPU.ActiveCfg = Release|Any CPU
		{D70DCF39-B351-4DBB-8C7B-7384EE8D0B5D}.Release|Any CPU.Build.0 = Release|Any CPU
	EndGlobalSection
	GlobalSection(SolutionProperties) = preSolution
		HideSolutionNode = FALSE
	EndGlobalSection
	GlobalSection(ExtensibilityGlobals) = postSolution
		SolutionGuid = {9879AF95-9133-4744-A402-E3B2E142DE34}
	EndGlobalSection
EndGlobal
